// !$*UTF8*$!
{
	archiveVersion = 1;
	classes = {
	};
	objectVersion = 56;
	objects = {

/* Begin PBXBuildFile section */
		D307D5FB2AC7BF23009AB7B2 /* HikeApp.swift in Sources */ = {isa = PBXBuildFile; fileRef = D307D5FA2AC7BF23009AB7B2 /* HikeApp.swift */; };
		D307D5FD2AC7BF23009AB7B2 /* ContentView.swift in Sources */ = {isa = PBXBuildFile; fileRef = D307D5FC2AC7BF23009AB7B2 /* ContentView.swift */; };
		D307D5FF2AC7BF24009AB7B2 /* Assets.xcassets in Resources */ = {isa = PBXBuildFile; fileRef = D307D5FE2AC7BF24009AB7B2 /* Assets.xcassets */; };
		D307D6032AC7BF24009AB7B2 /* Preview Assets.xcassets in Resources */ = {isa = PBXBuildFile; fileRef = D307D6022AC7BF24009AB7B2 /* Preview Assets.xcassets */; };
		D307D60D2AC7BF24009AB7B2 /* HikeTests.swift in Sources */ = {isa = PBXBuildFile; fileRef = D307D60C2AC7BF24009AB7B2 /* HikeTests.swift */; };
		D307D6172AC7BF24009AB7B2 /* HikeUITests.swift in Sources */ = {isa = PBXBuildFile; fileRef = D307D6162AC7BF24009AB7B2 /* HikeUITests.swift */; };
		D307D6192AC7BF24009AB7B2 /* HikeUITestsLaunchTests.swift in Sources */ = {isa = PBXBuildFile; fileRef = D307D6182AC7BF24009AB7B2 /* HikeUITestsLaunchTests.swift */; };
/* End PBXBuildFile section */

/* Begin PBXContainerItemProxy section */
		D307D6092AC7BF24009AB7B2 /* PBXContainerItemProxy */ = {
			isa = PBXContainerItemProxy;
			containerPortal = D307D5EF2AC7BF23009AB7B2 /* Project object */;
			proxyType = 1;
			remoteGlobalIDString = D307D5F62AC7BF23009AB7B2;
			remoteInfo = Hike;
		};
		D307D6132AC7BF24009AB7B2 /* PBXContainerItemProxy */ = {
			isa = PBXContainerItemProxy;
			containerPortal = D307D5EF2AC7BF23009AB7B2 /* Project object */;
			proxyType = 1;
			remoteGlobalIDString = D307D5F62AC7BF23009AB7B2;
			remoteInfo = Hike;
		};
/* End PBXContainerItemProxy section */

/* Begin PBXFileReference section */
		D307D5F72AC7BF23009AB7B2 /* Hike.app */ = {isa = PBXFileReference; explicitFileType = wrapper.application; includeInIndex = 0; path = Hike.app; sourceTree = BUILT_PRODUCTS_DIR; };
		D307D5FA2AC7BF23009AB7B2 /* HikeApp.swift */ = {isa = PBXFileReference; lastKnownFileType = sourcecode.swift; path = HikeApp.swift; sourceTree = "<group>"; };
		D307D5FC2AC7BF23009AB7B2 /* ContentView.swift */ = {isa = PBXFileReference; lastKnownFileType = sourcecode.swift; path = ContentView.swift; sourceTree = "<group>"; };
		D307D5FE2AC7BF24009AB7B2 /* Assets.xcassets */ = {isa = PBXFileReference; lastKnownFileType = folder.assetcatalog; path = Assets.xcassets; sourceTree = "<group>"; };
		D307D6002AC7BF24009AB7B2 /* Hike.entitlements */ = {isa = PBXFileReference; lastKnownFileType = text.plist.entitlements; path = Hike.entitlements; sourceTree = "<group>"; };
		D307D6022AC7BF24009AB7B2 /* Preview Assets.xcassets */ = {isa = PBXFileReference; lastKnownFileType = folder.assetcatalog; path = "Preview Assets.xcassets"; sourceTree = "<group>"; };
		D307D6082AC7BF24009AB7B2 /* HikeTests.xctest */ = {isa = PBXFileReference; explicitFileType = wrapper.cfbundle; includeInIndex = 0; path = HikeTests.xctest; sourceTree = BUILT_PRODUCTS_DIR; };
		D307D60C2AC7BF24009AB7B2 /* HikeTests.swift */ = {isa = PBXFileReference; lastKnownFileType = sourcecode.swift; path = HikeTests.swift; sourceTree = "<group>"; };
		D307D6122AC7BF24009AB7B2 /* HikeUITests.xctest */ = {isa = PBXFileReference; explicitFileType = wrapper.cfbundle; includeInIndex = 0; path = HikeUITests.xctest; sourceTree = BUILT_PRODUCTS_DIR; };
		D307D6162AC7BF24009AB7B2 /* HikeUITests.swift */ = {isa = PBXFileReference; lastKnownFileType = sourcecode.swift; path = HikeUITests.swift; sourceTree = "<group>"; };
		D307D6182AC7BF24009AB7B2 /* HikeUITestsLaunchTests.swift */ = {isa = PBXFileReference; lastKnownFileType = sourcecode.swift; path = HikeUITestsLaunchTests.swift; sourceTree = "<group>"; };
/* End PBXFileReference section */

/* Begin PBXFrameworksBuildPhase section */
		D307D5F42AC7BF23009AB7B2 /* Frameworks */ = {
			isa = PBXFrameworksBuildPhase;
			buildActionMask = 2147483647;
			files = (
			);
			runOnlyForDeploymentPostprocessing = 0;
		};
		D307D6052AC7BF24009AB7B2 /* Frameworks */ = {
			isa = PBXFrameworksBuildPhase;
			buildActionMask = 2147483647;
			files = (
			);
			runOnlyForDeploymentPostprocessing = 0;
		};
		D307D60F2AC7BF24009AB7B2 /* Frameworks */ = {
			isa = PBXFrameworksBuildPhase;
			buildActionMask = 2147483647;
			files = (
			);
			runOnlyForDeploymentPostprocessing = 0;
		};
/* End PBXFrameworksBuildPhase section */

/* Begin PBXGroup section */
		D307D5EE2AC7BF23009AB7B2 = {
			isa = PBXGroup;
			children = (
				D307D5F92AC7BF23009AB7B2 /* Hike */,
				D307D60B2AC7BF24009AB7B2 /* HikeTests */,
				D307D6152AC7BF24009AB7B2 /* HikeUITests */,
				D307D5F82AC7BF23009AB7B2 /* Products */,
			);
			sourceTree = "<group>";
		};
		D307D5F82AC7BF23009AB7B2 /* Products */ = {
			isa = PBXGroup;
			children = (
				D307D5F72AC7BF23009AB7B2 /* Hike.app */,
				D307D6082AC7BF24009AB7B2 /* HikeTests.xctest */,
				D307D6122AC7BF24009AB7B2 /* HikeUITests.xctest */,
			);
			name = Products;
			sourceTree = "<group>";
		};
		D307D5F92AC7BF23009AB7B2 /* Hike */ = {
			isa = PBXGroup;
			children = (
				D307D5FA2AC7BF23009AB7B2 /* HikeApp.swift */,
				D307D5FC2AC7BF23009AB7B2 /* ContentView.swift */,
				D307D5FE2AC7BF24009AB7B2 /* Assets.xcassets */,
				D307D6002AC7BF24009AB7B2 /* Hike.entitlements */,
				D307D6012AC7BF24009AB7B2 /* Preview Content */,
			);
			path = Hike;
			sourceTree = "<group>";
		};
		D307D6012AC7BF24009AB7B2 /* Preview Content */ = {
			isa = PBXGroup;
			children = (
				D307D6022AC7BF24009AB7B2 /* Preview Assets.xcassets */,
			);
			path = "Preview Content";
			sourceTree = "<group>";
		};
		D307D60B2AC7BF24009AB7B2 /* HikeTests */ = {
			isa = PBXGroup;
			children = (
				D307D60C2AC7BF24009AB7B2 /* HikeTests.swift */,
			);
			path = HikeTests;
			sourceTree = "<group>";
		};
		D307D6152AC7BF24009AB7B2 /* HikeUITests */ = {
			isa = PBXGroup;
			children = (
				D307D6162AC7BF24009AB7B2 /* HikeUITests.swift */,
				D307D6182AC7BF24009AB7B2 /* HikeUITestsLaunchTests.swift */,
			);
			path = HikeUITests;
			sourceTree = "<group>";
		};
/* End PBXGroup section */

/* Begin PBXNativeTarget section */
		D307D5F62AC7BF23009AB7B2 /* Hike */ = {
			isa = PBXNativeTarget;
			buildConfigurationList = D307D61C2AC7BF24009AB7B2 /* Build configuration list for PBXNativeTarget "Hike" */;
			buildPhases = (
				D307D5F32AC7BF23009AB7B2 /* Sources */,
				D307D5F42AC7BF23009AB7B2 /* Frameworks */,
				D307D5F52AC7BF23009AB7B2 /* Resources */,
			);
			buildRules = (
			);
			dependencies = (
			);
			name = Hike;
			productName = Hike;
			productReference = D307D5F72AC7BF23009AB7B2 /* Hike.app */;
			productType = "com.apple.product-type.application";
		};
		D307D6072AC7BF24009AB7B2 /* HikeTests */ = {
			isa = PBXNativeTarget;
			buildConfigurationList = D307D61F2AC7BF24009AB7B2 /* Build configuration list for PBXNativeTarget "HikeTests" */;
			buildPhases = (
				D307D6042AC7BF24009AB7B2 /* Sources */,
				D307D6052AC7BF24009AB7B2 /* Frameworks */,
				D307D6062AC7BF24009AB7B2 /* Resources */,
			);
			buildRules = (
			);
			dependencies = (
				D307D60A2AC7BF24009AB7B2 /* PBXTargetDependency */,
			);
			name = HikeTests;
			productName = HikeTests;
			productReference = D307D6082AC7BF24009AB7B2 /* HikeTests.xctest */;
			productType = "com.apple.product-type.bundle.unit-test";
		};
		D307D6112AC7BF24009AB7B2 /* HikeUITests */ = {
			isa = PBXNativeTarget;
			buildConfigurationList = D307D6222AC7BF24009AB7B2 /* Build configuration list for PBXNativeTarget "HikeUITests" */;
			buildPhases = (
				D307D60E2AC7BF24009AB7B2 /* Sources */,
				D307D60F2AC7BF24009AB7B2 /* Frameworks */,
				D307D6102AC7BF24009AB7B2 /* Resources */,
			);
			buildRules = (
			);
			dependencies = (
				D307D6142AC7BF24009AB7B2 /* PBXTargetDependency */,
			);
			name = HikeUITests;
			productName = HikeUITests;
			productReference = D307D6122AC7BF24009AB7B2 /* HikeUITests.xctest */;
			productType = "com.apple.product-type.bundle.ui-testing";
		};
/* End PBXNativeTarget section */

/* Begin PBXProject section */
		D307D5EF2AC7BF23009AB7B2 /* Project object */ = {
			isa = PBXProject;
			attributes = {
				BuildIndependentTargetsInParallel = 1;
				LastSwiftUpdateCheck = 1430;
				LastUpgradeCheck = 1430;
				TargetAttributes = {
					D307D5F62AC7BF23009AB7B2 = {
						CreatedOnToolsVersion = 14.3.1;
					};
					D307D6072AC7BF24009AB7B2 = {
						CreatedOnToolsVersion = 14.3.1;
						TestTargetID = D307D5F62AC7BF23009AB7B2;
					};
					D307D6112AC7BF24009AB7B2 = {
						CreatedOnToolsVersion = 14.3.1;
						TestTargetID = D307D5F62AC7BF23009AB7B2;
					};
				};
			};
			buildConfigurationList = D307D5F22AC7BF23009AB7B2 /* Build configuration list for PBXProject "Hike" */;
			compatibilityVersion = "Xcode 14.0";
			developmentRegion = en;
			hasScannedForEncodings = 0;
			knownRegions = (
				en,
				Base,
			);
			mainGroup = D307D5EE2AC7BF23009AB7B2;
			productRefGroup = D307D5F82AC7BF23009AB7B2 /* Products */;
			projectDirPath = "";
			projectRoot = "";
			targets = (
				D307D5F62AC7BF23009AB7B2 /* Hike */,
				D307D6072AC7BF24009AB7B2 /* HikeTests */,
				D307D6112AC7BF24009AB7B2 /* HikeUITests */,
			);
		};
/* End PBXProject section */

/* Begin PBXResourcesBuildPhase section */
		D307D5F52AC7BF23009AB7B2 /* Resources */ = {
			isa = PBXResourcesBuildPhase;
			buildActionMask = 2147483647;
			files = (
				D307D6032AC7BF24009AB7B2 /* Preview Assets.xcassets in Resources */,
				D307D5FF2AC7BF24009AB7B2 /* Assets.xcassets in Resources */,
			);
			runOnlyForDeploymentPostprocessing = 0;
		};
		D307D6062AC7BF24009AB7B2 /* Resources */ = {
			isa = PBXResourcesBuildPhase;
			buildActionMask = 2147483647;
			files = (
			);
			runOnlyForDeploymentPostprocessing = 0;
		};
		D307D6102AC7BF24009AB7B2 /* Resources */ = {
			isa = PBXResourcesBuildPhase;
			buildActionMask = 2147483647;
			files = (
			);
			runOnlyForDeploymentPostprocessing = 0;
		};
/* End PBXResourcesBuildPhase section */

/* Begin PBXSourcesBuildPhase section */
		D307D5F32AC7BF23009AB7B2 /* Sources */ = {
			isa = PBXSourcesBuildPhase;
			buildActionMask = 2147483647;
			files = (
				D307D5FD2AC7BF23009AB7B2 /* ContentView.swift in Sources */,
				D307D5FB2AC7BF23009AB7B2 /* HikeApp.swift in Sources */,
			);
			runOnlyForDeploymentPostprocessing = 0;
		};
		D307D6042AC7BF24009AB7B2 /* Sources */ = {
			isa = PBXSourcesBuildPhase;
			buildActionMask = 2147483647;
			files = (
				D307D60D2AC7BF24009AB7B2 /* HikeTests.swift in Sources */,
			);
			runOnlyForDeploymentPostprocessing = 0;
		};
		D307D60E2AC7BF24009AB7B2 /* Sources */ = {
			isa = PBXSourcesBuildPhase;
			buildActionMask = 2147483647;
			files = (
				D307D6172AC7BF24009AB7B2 /* HikeUITests.swift in Sources */,
				D307D6192AC7BF24009AB7B2 /* HikeUITestsLaunchTests.swift in Sources */,
			);
			runOnlyForDeploymentPostprocessing = 0;
		};
/* End PBXSourcesBuildPhase section */

/* Begin PBXTargetDependency section */
		D307D60A2AC7BF24009AB7B2 /* PBXTargetDependency */ = {
			isa = PBXTargetDependency;
			target = D307D5F62AC7BF23009AB7B2 /* Hike */;
			targetProxy = D307D6092AC7BF24009AB7B2 /* PBXContainerItemProxy */;
		};
		D307D6142AC7BF24009AB7B2 /* PBXTargetDependency */ = {
			isa = PBXTargetDependency;
			target = D307D5F62AC7BF23009AB7B2 /* Hike */;
			targetProxy = D307D6132AC7BF24009AB7B2 /* PBXContainerItemProxy */;
		};
/* End PBXTargetDependency section */

/* Begin XCBuildConfiguration section */
		D307D61A2AC7BF24009AB7B2 /* Debug */ = {
			isa = XCBuildConfiguration;
			buildSettings = {
				ALWAYS_SEARCH_USER_PATHS = NO;
				CLANG_ANALYZER_NONNULL = YES;
				CLANG_ANALYZER_NUMBER_OBJECT_CONVERSION = YES_AGGRESSIVE;
				CLANG_CXX_LANGUAGE_STANDARD = "gnu++20";
				CLANG_ENABLE_MODULES = YES;
				CLANG_ENABLE_OBJC_ARC = YES;
				CLANG_ENABLE_OBJC_WEAK = YES;
				CLANG_WARN_BLOCK_CAPTURE_AUTORELEASING = YES;
				CLANG_WARN_BOOL_CONVERSION = YES;
				CLANG_WARN_COMMA = YES;
				CLANG_WARN_CONSTANT_CONVERSION = YES;
				CLANG_WARN_DEPRECATED_OBJC_IMPLEMENTATIONS = YES;
				CLANG_WARN_DIRECT_OBJC_ISA_USAGE = YES_ERROR;
				CLANG_WARN_DOCUMENTATION_COMMENTS = YES;
				CLANG_WARN_EMPTY_BODY = YES;
				CLANG_WARN_ENUM_CONVERSION = YES;
				CLANG_WARN_INFINITE_RECURSION = YES;
				CLANG_WARN_INT_CONVERSION = YES;
				CLANG_WARN_NON_LITERAL_NULL_CONVERSION = YES;
				CLANG_WARN_OBJC_IMPLICIT_RETAIN_SELF = YES;
				CLANG_WARN_OBJC_LITERAL_CONVERSION = YES;
				CLANG_WARN_OBJC_ROOT_CLASS = YES_ERROR;
				CLANG_WARN_QUOTED_INCLUDE_IN_FRAMEWORK_HEADER = YES;
				CLANG_WARN_RANGE_LOOP_ANALYSIS = YES;
				CLANG_WARN_STRICT_PROTOTYPES = YES;
				CLANG_WARN_SUSPICIOUS_MOVE = YES;
				CLANG_WARN_UNGUARDED_AVAILABILITY = YES_AGGRESSIVE;
				CLANG_WARN_UNREACHABLE_CODE = YES;
				CLANG_WARN__DUPLICATE_METHOD_MATCH = YES;
				COPY_PHASE_STRIP = NO;
				DEBUG_INFORMATION_FORMAT = dwarf;
				ENABLE_STRICT_OBJC_MSGSEND = YES;
				ENABLE_TESTABILITY = YES;
				GCC_C_LANGUAGE_STANDARD = gnu11;
				GCC_DYNAMIC_NO_PIC = NO;
				GCC_NO_COMMON_BLOCKS = YES;
				GCC_OPTIMIZATION_LEVEL = 0;
				GCC_PREPROCESSOR_DEFINITIONS = (
					"DEBUG=1",
					"$(inherited)",
				);
				GCC_WARN_64_TO_32_BIT_CONVERSION = YES;
				GCC_WARN_ABOUT_RETURN_TYPE = YES_ERROR;
				GCC_WARN_UNDECLARED_SELECTOR = YES;
				GCC_WARN_UNINITIALIZED_AUTOS = YES_AGGRESSIVE;
				GCC_WARN_UNUSED_FUNCTION = YES;
				GCC_WARN_UNUSED_VARIABLE = YES;
				MTL_ENABLE_DEBUG_INFO = INCLUDE_SOURCE;
				MTL_FAST_MATH = YES;
				ONLY_ACTIVE_ARCH = YES;
				SWIFT_ACTIVE_COMPILATION_CONDITIONS = DEBUG;
				SWIFT_OPTIMIZATION_LEVEL = "-Onone";
			};
			name = Debug;
		};
		D307D61B2AC7BF24009AB7B2 /* Release */ = {
			isa = XCBuildConfiguration;
			buildSettings = {
				ALWAYS_SEARCH_USER_PATHS = NO;
				CLANG_ANALYZER_NONNULL = YES;
				CLANG_ANALYZER_NUMBER_OBJECT_CONVERSION = YES_AGGRESSIVE;
				CLANG_CXX_LANGUAGE_STANDARD = "gnu++20";
				CLANG_ENABLE_MODULES = YES;
				CLANG_ENABLE_OBJC_ARC = YES;
				CLANG_ENABLE_OBJC_WEAK = YES;
				CLANG_WARN_BLOCK_CAPTURE_AUTORELEASING = YES;
				CLANG_WARN_BOOL_CONVERSION = YES;
				CLANG_WARN_COMMA = YES;
				CLANG_WARN_CONSTANT_CONVERSION = YES;
				CLANG_WARN_DEPRECATED_OBJC_IMPLEMENTATIONS = YES;
				CLANG_WARN_DIRECT_OBJC_ISA_USAGE = YES_ERROR;
				CLANG_WARN_DOCUMENTATION_COMMENTS = YES;
				CLANG_WARN_EMPTY_BODY = YES;
				CLANG_WARN_ENUM_CONVERSION = YES;
				CLANG_WARN_INFINITE_RECURSION = YES;
				CLANG_WARN_INT_CONVERSION = YES;
				CLANG_WARN_NON_LITERAL_NULL_CONVERSION = YES;
				CLANG_WARN_OBJC_IMPLICIT_RETAIN_SELF = YES;
				CLANG_WARN_OBJC_LITERAL_CONVERSION = YES;
				CLANG_WARN_OBJC_ROOT_CLASS = YES_ERROR;
				CLANG_WARN_QUOTED_INCLUDE_IN_FRAMEWORK_HEADER = YES;
				CLANG_WARN_RANGE_LOOP_ANALYSIS = YES;
				CLANG_WARN_STRICT_PROTOTYPES = YES;
				CLANG_WARN_SUSPICIOUS_MOVE = YES;
				CLANG_WARN_UNGUARDED_AVAILABILITY = YES_AGGRESSIVE;
				CLANG_WARN_UNREACHABLE_CODE = YES;
				CLANG_WARN__DUPLICATE_METHOD_MATCH = YES;
				COPY_PHASE_STRIP = NO;
				DEBUG_INFORMATION_FORMAT = "dwarf-with-dsym";
				ENABLE_NS_ASSERTIONS = NO;
				ENABLE_STRICT_OBJC_MSGSEND = YES;
				GCC_C_LANGUAGE_STANDARD = gnu11;
				GCC_NO_COMMON_BLOCKS = YES;
				GCC_WARN_64_TO_32_BIT_CONVERSION = YES;
				GCC_WARN_ABOUT_RETURN_TYPE = YES_ERROR;
				GCC_WARN_UNDECLARED_SELECTOR = YES;
				GCC_WARN_UNINITIALIZED_AUTOS = YES_AGGRESSIVE;
				GCC_WARN_UNUSED_FUNCTION = YES;
				GCC_WARN_UNUSED_VARIABLE = YES;
				MTL_ENABLE_DEBUG_INFO = NO;
				MTL_FAST_MATH = YES;
				SWIFT_COMPILATION_MODE = wholemodule;
				SWIFT_OPTIMIZATION_LEVEL = "-O";
			};
			name = Release;
		};
		D307D61D2AC7BF24009AB7B2 /* Debug */ = {
			isa = XCBuildConfiguration;
			buildSettings = {
				ASSETCATALOG_COMPILER_APPICON_NAME = AppIcon;
				ASSETCATALOG_COMPILER_GLOBAL_ACCENT_COLOR_NAME = AccentColor;
				CODE_SIGN_ENTITLEMENTS = Hike/Hike.entitlements;
				CODE_SIGN_STYLE = Automatic;
				CURRENT_PROJECT_VERSION = 1;
				DEVELOPMENT_ASSET_PATHS = "\"Hike/Preview Content\"";
				DEVELOPMENT_TEAM = K8FKWBYV9S;
				ENABLE_HARDENED_RUNTIME = YES;
				ENABLE_PREVIEWS = YES;
				GENERATE_INFOPLIST_FILE = YES;
				"INFOPLIST_KEY_UIApplicationSceneManifest_Generation[sdk=iphoneos*]" = YES;
				"INFOPLIST_KEY_UIApplicationSceneManifest_Generation[sdk=iphonesimulator*]" = YES;
				"INFOPLIST_KEY_UIApplicationSupportsIndirectInputEvents[sdk=iphoneos*]" = YES;
				"INFOPLIST_KEY_UIApplicationSupportsIndirectInputEvents[sdk=iphonesimulator*]" = YES;
				"INFOPLIST_KEY_UILaunchScreen_Generation[sdk=iphoneos*]" = YES;
				"INFOPLIST_KEY_UILaunchScreen_Generation[sdk=iphonesimulator*]" = YES;
				"INFOPLIST_KEY_UIStatusBarStyle[sdk=iphoneos*]" = UIStatusBarStyleDefault;
				"INFOPLIST_KEY_UIStatusBarStyle[sdk=iphonesimulator*]" = UIStatusBarStyleDefault;
				INFOPLIST_KEY_UISupportedInterfaceOrientations_iPad = "UIInterfaceOrientationPortrait UIInterfaceOrientationPortraitUpsideDown UIInterfaceOrientationLandscapeLeft UIInterfaceOrientationLandscapeRight";
				INFOPLIST_KEY_UISupportedInterfaceOrientations_iPhone = "UIInterfaceOrientationPortrait UIInterfaceOrientationLandscapeLeft UIInterfaceOrientationLandscapeRight";
				IPHONEOS_DEPLOYMENT_TARGET = 16.4;
				LD_RUNPATH_SEARCH_PATHS = "@executable_path/Frameworks";
				"LD_RUNPATH_SEARCH_PATHS[sdk=macosx*]" = "@executable_path/../Frameworks";
				MACOSX_DEPLOYMENT_TARGET = 13.3;
				MARKETING_VERSION = 1.0;
				PRODUCT_BUNDLE_IDENTIFIER = frederick.Hike;
				PRODUCT_NAME = "$(TARGET_NAME)";
				SDKROOT = auto;
				SUPPORTED_PLATFORMS = "iphoneos iphonesimulator macosx";
				SWIFT_EMIT_LOC_STRINGS = YES;
				SWIFT_VERSION = 5.0;
				TARGETED_DEVICE_FAMILY = "1,2";
			};
			name = Debug;
		};
		D307D61E2AC7BF24009AB7B2 /* Release */ = {
			isa = XCBuildConfiguration;
			buildSettings = {
				ASSETCATALOG_COMPILER_APPICON_NAME = AppIcon;
				ASSETCATALOG_COMPILER_GLOBAL_ACCENT_COLOR_NAME = AccentColor;
				CODE_SIGN_ENTITLEMENTS = Hike/Hike.entitlements;
				CODE_SIGN_STYLE = Automatic;
				CURRENT_PROJECT_VERSION = 1;
				DEVELOPMENT_ASSET_PATHS = "\"Hike/Preview Content\"";
				DEVELOPMENT_TEAM = K8FKWBYV9S;
				ENABLE_HARDENED_RUNTIME = YES;
				ENABLE_PREVIEWS = YES;
				GENERATE_INFOPLIST_FILE = YES;
				"INFOPLIST_KEY_UIApplicationSceneManifest_Generation[sdk=iphoneos*]" = YES;
				"INFOPLIST_KEY_UIApplicationSceneManifest_Generation[sdk=iphonesimulator*]" = YES;
				"INFOPLIST_KEY_UIApplicationSupportsIndirectInputEvents[sdk=iphoneos*]" = YES;
				"INFOPLIST_KEY_UIApplicationSupportsIndirectInputEvents[sdk=iphonesimulator*]" = YES;
				"INFOPLIST_KEY_UILaunchScreen_Generation[sdk=iphoneos*]" = YES;
				"INFOPLIST_KEY_UILaunchScreen_Generation[sdk=iphonesimulator*]" = YES;
				"INFOPLIST_KEY_UIStatusBarStyle[sdk=iphoneos*]" = UIStatusBarStyleDefault;
				"INFOPLIST_KEY_UIStatusBarStyle[sdk=iphonesimulator*]" = UIStatusBarStyleDefault;
				INFOPLIST_KEY_UISupportedInterfaceOrientations_iPad = "UIInterfaceOrientationPortrait UIInterfaceOrientationPortraitUpsideDown UIInterfaceOrientationLandscapeLeft UIInterfaceOrientationLandscapeRight";
				INFOPLIST_KEY_UISupportedInterfaceOrientations_iPhone = "UIInterfaceOrientationPortrait UIInterfaceOrientationLandscapeLeft UIInterfaceOrientationLandscapeRight";
				IPHONEOS_DEPLOYMENT_TARGET = 16.4;
				LD_RUNPATH_SEARCH_PATHS = "@executable_path/Frameworks";
				"LD_RUNPATH_SEARCH_PATHS[sdk=macosx*]" = "@executable_path/../Frameworks";
				MACOSX_DEPLOYMENT_TARGET = 13.3;
				MARKETING_VERSION = 1.0;
				PRODUCT_BUNDLE_IDENTIFIER = frederick.Hike;
				PRODUCT_NAME = "$(TARGET_NAME)";
				SDKROOT = auto;
				SUPPORTED_PLATFORMS = "iphoneos iphonesimulator macosx";
				SWIFT_EMIT_LOC_STRINGS = YES;
				SWIFT_VERSION = 5.0;
				TARGETED_DEVICE_FAMILY = "1,2";
			};
			name = Release;
		};
		D307D6202AC7BF24009AB7B2 /* Debug */ = {
			isa = XCBuildConfiguration;
			buildSettings = {
				ALWAYS_EMBED_SWIFT_STANDARD_LIBRARIES = YES;
				BUNDLE_LOADER = "$(TEST_HOST)";
				CODE_SIGN_STYLE = Automatic;
				CURRENT_PROJECT_VERSION = 1;
				DEVELOPMENT_TEAM = K8FKWBYV9S;
				GENERATE_INFOPLIST_FILE = YES;
				IPHONEOS_DEPLOYMENT_TARGET = 16.4;
				MACOSX_DEPLOYMENT_TARGET = 13.3;
				MARKETING_VERSION = 1.0;
				PRODUCT_BUNDLE_IDENTIFIER = frederick.HikeTests;
				PRODUCT_NAME = "$(TARGET_NAME)";
				SDKROOT = auto;
				SUPPORTED_PLATFORMS = "iphoneos iphonesimulator macosx";
				SWIFT_EMIT_LOC_STRINGS = NO;
				SWIFT_VERSION = 5.0;
				TARGETED_DEVICE_FAMILY = "1,2";
				TEST_HOST = "$(BUILT_PRODUCTS_DIR)/Hike.app/$(BUNDLE_EXECUTABLE_FOLDER_PATH)/Hike";
			};
			name = Debug;
		};
		D307D6212AC7BF24009AB7B2 /* Release */ = {
			isa = XCBuildConfiguration;
			buildSettings = {
				ALWAYS_EMBED_SWIFT_STANDARD_LIBRARIES = YES;
				BUNDLE_LOADER = "$(TEST_HOST)";
				CODE_SIGN_STYLE = Automatic;
				CURRENT_PROJECT_VERSION = 1;
				DEVELOPMENT_TEAM = K8FKWBYV9S;
				GENERATE_INFOPLIST_FILE = YES;
				IPHONEOS_DEPLOYMENT_TARGET = 16.4;
				MACOSX_DEPLOYMENT_TARGET = 13.3;
				MARKETING_VERSION = 1.0;
				PRODUCT_BUNDLE_IDENTIFIER = frederick.HikeTests;
				PRODUCT_NAME = "$(TARGET_NAME)";
				SDKROOT = auto;
				SUPPORTED_PLATFORMS = "iphoneos iphonesimulator macosx";
				SWIFT_EMIT_LOC_STRINGS = NO;
				SWIFT_VERSION = 5.0;
				TARGETED_DEVICE_FAMILY = "1,2";
				TEST_HOST = "$(BUILT_PRODUCTS_DIR)/Hike.app/$(BUNDLE_EXECUTABLE_FOLDER_PATH)/Hike";
			};
			name = Release;
		};
		D307D6232AC7BF24009AB7B2 /* Debug */ = {
			isa = XCBuildConfiguration;
			buildSettings = {
				ALWAYS_EMBED_SWIFT_STANDARD_LIBRARIES = YES;
				CODE_SIGN_STYLE = Automatic;
				CURRENT_PROJECT_VERSION = 1;
				DEVELOPMENT_TEAM = K8FKWBYV9S;
				GENERATE_INFOPLIST_FILE = YES;
				IPHONEOS_DEPLOYMENT_TARGET = 16.4;
				MACOSX_DEPLOYMENT_TARGET = 13.3;
				MARKETING_VERSION = 1.0;
				PRODUCT_BUNDLE_IDENTIFIER = frederick.HikeUITests;
				PRODUCT_NAME = "$(TARGET_NAME)";
				SDKROOT = auto;
				SUPPORTED_PLATFORMS = "iphoneos iphonesimulator macosx";
				SWIFT_EMIT_LOC_STRINGS = NO;
				SWIFT_VERSION = 5.0;
				TARGETED_DEVICE_FAMILY = "1,2";
				TEST_TARGET_NAME = Hike;
			};
			name = Debug;
		};
		D307D6242AC7BF24009AB7B2 /* Release */ = {
			isa = XCBuildConfiguration;
			buildSettings = {
				ALWAYS_EMBED_SWIFT_STANDARD_LIBRARIES = YES;
				CODE_SIGN_STYLE = Automatic;
				CURRENT_PROJECT_VERSION = 1;
				DEVELOPMENT_TEAM = K8FKWBYV9S;
				GENERATE_INFOPLIST_FILE = YES;
				IPHONEOS_DEPLOYMENT_TARGET = 16.4;
				MACOSX_DEPLOYMENT_TARGET = 13.3;
				MARKETING_VERSION = 1.0;
				PRODUCT_BUNDLE_IDENTIFIER = frederick.HikeUITests;
				PRODUCT_NAME = "$(TARGET_NAME)";
				SDKROOT = auto;
				SUPPORTED_PLATFORMS = "iphoneos iphonesimulator macosx";
				SWIFT_EMIT_LOC_STRINGS = NO;
				SWIFT_VERSION = 5.0;
				TARGETED_DEVICE_FAMILY = "1,2";
				TEST_TARGET_NAME = Hike;
			};
			name = Release;
		};
/* End XCBuildConfiguration section */

/* Begin XCConfigurationList section */
		D307D5F22AC7BF23009AB7B2 /* Build configuration list for PBXProject "Hike" */ = {
			isa = XCConfigurationList;
			buildConfigurations = (
				D307D61A2AC7BF24009AB7B2 /* Debug */,
				D307D61B2AC7BF24009AB7B2 /* Release */,
			);
			defaultConfigurationIsVisible = 0;
			defaultConfigurationName = Release;
		};
		D307D61C2AC7BF24009AB7B2 /* Build configuration list for PBXNativeTarget "Hike" */ = {
			isa = XCConfigurationList;
			buildConfigurations = (
				D307D61D2AC7BF24009AB7B2 /* Debug */,
				D307D61E2AC7BF24009AB7B2 /* Release */,
			);
			defaultConfigurationIsVisible = 0;
			defaultConfigurationName = Release;
		};
		D307D61F2AC7BF24009AB7B2 /* Build configuration list for PBXNativeTarget "HikeTests" */ = {
			isa = XCConfigurationList;
			buildConfigurations = (
				D307D6202AC7BF24009AB7B2 /* Debug */,
				D307D6212AC7BF24009AB7B2 /* Release */,
			);
			defaultConfigurationIsVisible = 0;
			defaultConfigurationName = Release;
		};
		D307D6222AC7BF24009AB7B2 /* Build configuration list for PBXNativeTarget "HikeUITests" */ = {
			isa = XCConfigurationList;
			buildConfigurations = (
				D307D6232AC7BF24009AB7B2 /* Debug */,
				D307D6242AC7BF24009AB7B2 /* Release */,
			);
			defaultConfigurationIsVisible = 0;
			defaultConfigurationName = Release;
		};
/* End XCConfigurationList section */
	};
	rootObject = D307D5EF2AC7BF23009AB7B2 /* Project object */;
}
